{
  "name": "test1",
  "version": "1.0.0",
  "lockfileVersion": 3,
  "requires": true,
  "packages": {
    "": {
      "name": "test1",
      "version": "1.0.0",
      "license": "ISC",
      "dependencies": {
        "scribbletune": "^5.0.2"
      }
    },
    "node_modules/harmonics": {
      "version": "1.1.0",
      "resolved": "https://registry.npmjs.org/harmonics/-/harmonics-1.1.0.tgz",
      "integrity": "sha512-LHSh7D6gn75NxvGog5qkdvBRweQVVNcncQhRgO/MW6pg749qZ78Q5EJV9xjr9Emqm/gIDQRdQIMo1xsrwruSQQ=="
    },
    "node_modules/jsmidgen": {
      "version": "0.1.5",
      "resolved": "https://registry.npmjs.org/jsmidgen/-/jsmidgen-0.1.5.tgz",
      "integrity": "sha512-AcfpCk5gtBkCeWed8eYbzMa/B/AYLXgJfLb+j7C46wEUrwRvTQw/GvdT9daJFoFRCJCuf598wnPeyB2TstpBxA=="
    },
    "node_modules/scribbletune": {
      "version": "5.0.2",
      "resolved": "https://registry.npmjs.org/scribbletune/-/scribbletune-5.0.2.tgz",
      "integrity": "sha512-UXdGiibR8XxOOwGdzpM0ImDC/HCTBF7b2DSgCenB5C6GBy2vT9jQ0VNuzhjA6SX4f5LArFiwXIyAGjY6hoTzbQ==",
      "dependencies": {
        "harmonics": "^1.0.8",
        "jsmidgen": "~0.1.5"
      },
      "engines": {
        "node": ">8.x.x"
      }
    }
  }
}
